// !$*UTF8*$!
{
	archiveVersion = 1;
	classes = {
	};
	objectVersion = 46;
	objects = {

/* Begin PBXBuildFile section */
		42D51263B0E4739C61FB0E8D /* Pods_YapTaskQueue.framework in Frameworks */ = {isa = PBXBuildFile; fileRef = 6E5F48A6610998FDFAA2CF81 /* Pods_YapTaskQueue.framework */; };
		6331FABC1CB46A7E0087E71B /* YapTaskQueueMasterBroker.swift in Sources */ = {isa = PBXBuildFile; fileRef = 6331FABB1CB46A7E0087E71B /* YapTaskQueueMasterBroker.swift */; };
		6371B4C31CBEEBD00010D39F /* YapTaskQueueError.swift in Sources */ = {isa = PBXBuildFile; fileRef = 6371B4C21CBEEBCF0010D39F /* YapTaskQueueError.swift */; };
		6389FB6D1CADD98600B5731A /* AppDelegate.swift in Sources */ = {isa = PBXBuildFile; fileRef = 6389FB6C1CADD98600B5731A /* AppDelegate.swift */; };
		6389FB6F1CADD98600B5731A /* ViewController.swift in Sources */ = {isa = PBXBuildFile; fileRef = 6389FB6E1CADD98600B5731A /* ViewController.swift */; };
		6389FB721CADD98600B5731A /* Main.storyboard in Resources */ = {isa = PBXBuildFile; fileRef = 6389FB701CADD98600B5731A /* Main.storyboard */; };
		6389FB741CADD98600B5731A /* Assets.xcassets in Resources */ = {isa = PBXBuildFile; fileRef = 6389FB731CADD98600B5731A /* Assets.xcassets */; };
		6389FB771CADD98600B5731A /* LaunchScreen.storyboard in Resources */ = {isa = PBXBuildFile; fileRef = 6389FB751CADD98600B5731A /* LaunchScreen.storyboard */; };
		6389FB821CADD98600B5731A /* YapTaskQueueTests.swift in Sources */ = {isa = PBXBuildFile; fileRef = 6389FB811CADD98600B5731A /* YapTaskQueueTests.swift */; };
		6389FB8E1CADDB2E00B5731A /* YapTaskQueueBroker.swift in Sources */ = {isa = PBXBuildFile; fileRef = 6389FB8D1CADDB2E00B5731A /* YapTaskQueueBroker.swift */; };
		6389FB901CADDCEB00B5731A /* YapTaskQueueAction.swift in Sources */ = {isa = PBXBuildFile; fileRef = 6389FB8F1CADDCEB00B5731A /* YapTaskQueueAction.swift */; };
		E760FBAD987DFB93A1A4C325 /* Pods_YapTaskQueueTests.framework in Frameworks */ = {isa = PBXBuildFile; fileRef = 1FB4F1B4EF784B3B28CAC867 /* Pods_YapTaskQueueTests.framework */; };
/* End PBXBuildFile section */

/* Begin PBXContainerItemProxy section */
		6389FB7E1CADD98600B5731A /* PBXContainerItemProxy */ = {
			isa = PBXContainerItemProxy;
			containerPortal = 6389FB611CADD98500B5731A /* Project object */;
			proxyType = 1;
			remoteGlobalIDString = 6389FB681CADD98500B5731A;
			remoteInfo = YapTaskQueue;
		};
/* End PBXContainerItemProxy section */

/* Begin PBXFileReference section */
		066859DF58742786015B94B8 /* Pods-YapTaskQueueTests.release.xcconfig */ = {isa = PBXFileReference; includeInIndex = 1; lastKnownFileType = text.xcconfig; name = "Pods-YapTaskQueueTests.release.xcconfig"; path = "Pods/Target Support Files/Pods-YapTaskQueueTests/Pods-YapTaskQueueTests.release.xcconfig"; sourceTree = "<group>"; };
		1A3B06D9388263559C8675E3 /* Pods-YapTaskQueue.release.xcconfig */ = {isa = PBXFileReference; includeInIndex = 1; lastKnownFileType = text.xcconfig; name = "Pods-YapTaskQueue.release.xcconfig"; path = "Pods/Target Support Files/Pods-YapTaskQueue/Pods-YapTaskQueue.release.xcconfig"; sourceTree = "<group>"; };
		1FB4F1B4EF784B3B28CAC867 /* Pods_YapTaskQueueTests.framework */ = {isa = PBXFileReference; explicitFileType = wrapper.framework; includeInIndex = 0; path = Pods_YapTaskQueueTests.framework; sourceTree = BUILT_PRODUCTS_DIR; };
		6331FABB1CB46A7E0087E71B /* YapTaskQueueMasterBroker.swift */ = {isa = PBXFileReference; fileEncoding = 4; lastKnownFileType = sourcecode.swift; name = YapTaskQueueMasterBroker.swift; path = Classes/YapTaskQueueMasterBroker.swift; sourceTree = "<group>"; };
		6371B4C21CBEEBCF0010D39F /* YapTaskQueueError.swift */ = {isa = PBXFileReference; fileEncoding = 4; lastKnownFileType = sourcecode.swift; name = YapTaskQueueError.swift; path = Classes/YapTaskQueueError.swift; sourceTree = "<group>"; };
		6389FB691CADD98500B5731A /* YapTaskQueue.app */ = {isa = PBXFileReference; explicitFileType = wrapper.application; includeInIndex = 0; path = YapTaskQueue.app; sourceTree = BUILT_PRODUCTS_DIR; };
		6389FB6C1CADD98600B5731A /* AppDelegate.swift */ = {isa = PBXFileReference; lastKnownFileType = sourcecode.swift; path = AppDelegate.swift; sourceTree = "<group>"; };
		6389FB6E1CADD98600B5731A /* ViewController.swift */ = {isa = PBXFileReference; lastKnownFileType = sourcecode.swift; path = ViewController.swift; sourceTree = "<group>"; };
		6389FB711CADD98600B5731A /* Base */ = {isa = PBXFileReference; lastKnownFileType = file.storyboard; name = Base; path = Base.lproj/Main.storyboard; sourceTree = "<group>"; };
		6389FB731CADD98600B5731A /* Assets.xcassets */ = {isa = PBXFileReference; lastKnownFileType = folder.assetcatalog; path = Assets.xcassets; sourceTree = "<group>"; };
		6389FB761CADD98600B5731A /* Base */ = {isa = PBXFileReference; lastKnownFileType = file.storyboard; name = Base; path = Base.lproj/LaunchScreen.storyboard; sourceTree = "<group>"; };
		6389FB781CADD98600B5731A /* Info.plist */ = {isa = PBXFileReference; lastKnownFileType = text.plist.xml; path = Info.plist; sourceTree = "<group>"; };
		6389FB7D1CADD98600B5731A /* YapTaskQueueTests.xctest */ = {isa = PBXFileReference; explicitFileType = wrapper.cfbundle; includeInIndex = 0; path = YapTaskQueueTests.xctest; sourceTree = BUILT_PRODUCTS_DIR; };
		6389FB811CADD98600B5731A /* YapTaskQueueTests.swift */ = {isa = PBXFileReference; lastKnownFileType = sourcecode.swift; path = YapTaskQueueTests.swift; sourceTree = "<group>"; };
		6389FB831CADD98600B5731A /* Info.plist */ = {isa = PBXFileReference; lastKnownFileType = text.plist.xml; path = Info.plist; sourceTree = "<group>"; };
		6389FB8D1CADDB2E00B5731A /* YapTaskQueueBroker.swift */ = {isa = PBXFileReference; fileEncoding = 4; lastKnownFileType = sourcecode.swift; name = YapTaskQueueBroker.swift; path = Classes/YapTaskQueueBroker.swift; sourceTree = "<group>"; };
		6389FB8F1CADDCEB00B5731A /* YapTaskQueueAction.swift */ = {isa = PBXFileReference; fileEncoding = 4; lastKnownFileType = sourcecode.swift; name = YapTaskQueueAction.swift; path = Classes/YapTaskQueueAction.swift; sourceTree = "<group>"; };
		6E5F48A6610998FDFAA2CF81 /* Pods_YapTaskQueue.framework */ = {isa = PBXFileReference; explicitFileType = wrapper.framework; includeInIndex = 0; path = Pods_YapTaskQueue.framework; sourceTree = BUILT_PRODUCTS_DIR; };
		8796C1232C4F9D37232C6AD3 /* Pods-YapTaskQueueTests.debug.xcconfig */ = {isa = PBXFileReference; includeInIndex = 1; lastKnownFileType = text.xcconfig; name = "Pods-YapTaskQueueTests.debug.xcconfig"; path = "Pods/Target Support Files/Pods-YapTaskQueueTests/Pods-YapTaskQueueTests.debug.xcconfig"; sourceTree = "<group>"; };
		8C015906248B191085D5A173 /* Pods-YapTaskQueue.debug.xcconfig */ = {isa = PBXFileReference; includeInIndex = 1; lastKnownFileType = text.xcconfig; name = "Pods-YapTaskQueue.debug.xcconfig"; path = "Pods/Target Support Files/Pods-YapTaskQueue/Pods-YapTaskQueue.debug.xcconfig"; sourceTree = "<group>"; };
/* End PBXFileReference section */

/* Begin PBXFrameworksBuildPhase section */
		6389FB661CADD98500B5731A /* Frameworks */ = {
			isa = PBXFrameworksBuildPhase;
			buildActionMask = 2147483647;
			files = (
				42D51263B0E4739C61FB0E8D /* Pods_YapTaskQueue.framework in Frameworks */,
			);
			runOnlyForDeploymentPostprocessing = 0;
		};
		6389FB7A1CADD98600B5731A /* Frameworks */ = {
			isa = PBXFrameworksBuildPhase;
			buildActionMask = 2147483647;
			files = (
				E760FBAD987DFB93A1A4C325 /* Pods_YapTaskQueueTests.framework in Frameworks */,
			);
			runOnlyForDeploymentPostprocessing = 0;
		};
/* End PBXFrameworksBuildPhase section */

/* Begin PBXGroup section */
		1FA12F1AB9036116DD0F301C /* Pods */ = {
			isa = PBXGroup;
			children = (
				8C015906248B191085D5A173 /* Pods-YapTaskQueue.debug.xcconfig */,
				1A3B06D9388263559C8675E3 /* Pods-YapTaskQueue.release.xcconfig */,
				8796C1232C4F9D37232C6AD3 /* Pods-YapTaskQueueTests.debug.xcconfig */,
				066859DF58742786015B94B8 /* Pods-YapTaskQueueTests.release.xcconfig */,
			);
			name = Pods;
			sourceTree = "<group>";
		};
		6389FB601CADD98500B5731A = {
			isa = PBXGroup;
			children = (
				6389FB6B1CADD98600B5731A /* YapTaskQueue */,
				6389FB801CADD98600B5731A /* YapTaskQueueTests */,
				6389FB6A1CADD98500B5731A /* Products */,
				1FA12F1AB9036116DD0F301C /* Pods */,
				644459098281D9D2B72D0D38 /* Frameworks */,
			);
			sourceTree = "<group>";
		};
		6389FB6A1CADD98500B5731A /* Products */ = {
			isa = PBXGroup;
			children = (
				6389FB691CADD98500B5731A /* YapTaskQueue.app */,
				6389FB7D1CADD98600B5731A /* YapTaskQueueTests.xctest */,
			);
			name = Products;
			sourceTree = "<group>";
		};
		6389FB6B1CADD98600B5731A /* YapTaskQueue */ = {
			isa = PBXGroup;
			children = (
				6389FB8C1CADDB0300B5731A /* Classes */,
				6389FB6C1CADD98600B5731A /* AppDelegate.swift */,
				6389FB6E1CADD98600B5731A /* ViewController.swift */,
				6389FB701CADD98600B5731A /* Main.storyboard */,
				6389FB731CADD98600B5731A /* Assets.xcassets */,
				6389FB751CADD98600B5731A /* LaunchScreen.storyboard */,
				6389FB781CADD98600B5731A /* Info.plist */,
			);
			path = YapTaskQueue;
			sourceTree = "<group>";
		};
		6389FB801CADD98600B5731A /* YapTaskQueueTests */ = {
			isa = PBXGroup;
			children = (
				6389FB811CADD98600B5731A /* YapTaskQueueTests.swift */,
				6389FB831CADD98600B5731A /* Info.plist */,
			);
			path = YapTaskQueueTests;
			sourceTree = "<group>";
		};
		6389FB8C1CADDB0300B5731A /* Classes */ = {
			isa = PBXGroup;
			children = (
				6389FB8D1CADDB2E00B5731A /* YapTaskQueueBroker.swift */,
				6331FABB1CB46A7E0087E71B /* YapTaskQueueMasterBroker.swift */,
				6389FB8F1CADDCEB00B5731A /* YapTaskQueueAction.swift */,
				6371B4C21CBEEBCF0010D39F /* YapTaskQueueError.swift */,
			);
			name = Classes;
			sourceTree = "<group>";
		};
		644459098281D9D2B72D0D38 /* Frameworks */ = {
			isa = PBXGroup;
			children = (
				6E5F48A6610998FDFAA2CF81 /* Pods_YapTaskQueue.framework */,
				1FB4F1B4EF784B3B28CAC867 /* Pods_YapTaskQueueTests.framework */,
			);
			name = Frameworks;
			sourceTree = "<group>";
		};
/* End PBXGroup section */

/* Begin PBXNativeTarget section */
		6389FB681CADD98500B5731A /* YapTaskQueue */ = {
			isa = PBXNativeTarget;
			buildConfigurationList = 6389FB861CADD98600B5731A /* Build configuration list for PBXNativeTarget "YapTaskQueue" */;
			buildPhases = (
				773154C3F34BBCFC4964F9E9 /* [CP] Check Pods Manifest.lock */,
				6389FB651CADD98500B5731A /* Sources */,
				6389FB661CADD98500B5731A /* Frameworks */,
				6389FB671CADD98500B5731A /* Resources */,
				458FB3E2798F0F552D7093BF /* [CP] Embed Pods Frameworks */,
				E066B051E61A6989C4C6911E /* [CP] Copy Pods Resources */,
			);
			buildRules = (
			);
			dependencies = (
			);
			name = YapTaskQueue;
			productName = YapTaskQueue;
			productReference = 6389FB691CADD98500B5731A /* YapTaskQueue.app */;
			productType = "com.apple.product-type.application";
		};
		6389FB7C1CADD98600B5731A /* YapTaskQueueTests */ = {
			isa = PBXNativeTarget;
			buildConfigurationList = 6389FB891CADD98600B5731A /* Build configuration list for PBXNativeTarget "YapTaskQueueTests" */;
			buildPhases = (
				98F9E2ADE8F446DB5DFB84AC /* [CP] Check Pods Manifest.lock */,
				6389FB791CADD98600B5731A /* Sources */,
				6389FB7A1CADD98600B5731A /* Frameworks */,
				6389FB7B1CADD98600B5731A /* Resources */,
				5EB292E8CCF9CDDE3BCCAB00 /* [CP] Embed Pods Frameworks */,
				28DB922332F1A96340F927F2 /* [CP] Copy Pods Resources */,
			);
			buildRules = (
			);
			dependencies = (
				6389FB7F1CADD98600B5731A /* PBXTargetDependency */,
			);
			name = YapTaskQueueTests;
			productName = YapTaskQueueTests;
			productReference = 6389FB7D1CADD98600B5731A /* YapTaskQueueTests.xctest */;
			productType = "com.apple.product-type.bundle.unit-test";
		};
/* End PBXNativeTarget section */

/* Begin PBXProject section */
		6389FB611CADD98500B5731A /* Project object */ = {
			isa = PBXProject;
			attributes = {
				LastSwiftUpdateCheck = 0730;
				LastUpgradeCheck = 0900;
				ORGANIZATIONNAME = "David Chiles";
				TargetAttributes = {
					6389FB681CADD98500B5731A = {
						CreatedOnToolsVersion = 7.3;
						LastSwiftMigration = 0900;
					};
					6389FB7C1CADD98600B5731A = {
						CreatedOnToolsVersion = 7.3;
						LastSwiftMigration = 0900;
						TestTargetID = 6389FB681CADD98500B5731A;
					};
				};
			};
			buildConfigurationList = 6389FB641CADD98500B5731A /* Build configuration list for PBXProject "YapTaskQueue" */;
			compatibilityVersion = "Xcode 3.2";
			developmentRegion = English;
			hasScannedForEncodings = 0;
			knownRegions = (
				en,
				Base,
			);
			mainGroup = 6389FB601CADD98500B5731A;
			productRefGroup = 6389FB6A1CADD98500B5731A /* Products */;
			projectDirPath = "";
			projectRoot = "";
			targets = (
				6389FB681CADD98500B5731A /* YapTaskQueue */,
				6389FB7C1CADD98600B5731A /* YapTaskQueueTests */,
			);
		};
/* End PBXProject section */

/* Begin PBXResourcesBuildPhase section */
		6389FB671CADD98500B5731A /* Resources */ = {
			isa = PBXResourcesBuildPhase;
			buildActionMask = 2147483647;
			files = (
				6389FB771CADD98600B5731A /* LaunchScreen.storyboard in Resources */,
				6389FB741CADD98600B5731A /* Assets.xcassets in Resources */,
				6389FB721CADD98600B5731A /* Main.storyboard in Resources */,
			);
			runOnlyForDeploymentPostprocessing = 0;
		};
		6389FB7B1CADD98600B5731A /* Resources */ = {
			isa = PBXResourcesBuildPhase;
			buildActionMask = 2147483647;
			files = (
			);
			runOnlyForDeploymentPostprocessing = 0;
		};
/* End PBXResourcesBuildPhase section */

/* Begin PBXShellScriptBuildPhase section */
		28DB922332F1A96340F927F2 /* [CP] Copy Pods Resources */ = {
			isa = PBXShellScriptBuildPhase;
			buildActionMask = 2147483647;
			files = (
			);
			inputPaths = (
			);
			name = "[CP] Copy Pods Resources";
			outputPaths = (
			);
			runOnlyForDeploymentPostprocessing = 0;
			shellPath = /bin/sh;
			shellScript = "\"${SRCROOT}/Pods/Target Support Files/Pods-YapTaskQueueTests/Pods-YapTaskQueueTests-resources.sh\"\n";
			showEnvVarsInLog = 0;
		};
		458FB3E2798F0F552D7093BF /* [CP] Embed Pods Frameworks */ = {
			isa = PBXShellScriptBuildPhase;
			buildActionMask = 2147483647;
			files = (
			);
			inputPaths = (
				"${SRCROOT}/Pods/Target Support Files/Pods-YapTaskQueue/Pods-YapTaskQueue-frameworks.sh",
				"${BUILT_PRODUCTS_DIR}/CocoaLumberjack/CocoaLumberjack.framework",
				"${BUILT_PRODUCTS_DIR}/YapDatabase/YapDatabase.framework",
			);
			name = "[CP] Embed Pods Frameworks";
			outputPaths = (
				"${TARGET_BUILD_DIR}/${FRAMEWORKS_FOLDER_PATH}/CocoaLumberjack.framework",
				"${TARGET_BUILD_DIR}/${FRAMEWORKS_FOLDER_PATH}/YapDatabase.framework",
			);
			runOnlyForDeploymentPostprocessing = 0;
			shellPath = /bin/sh;
			shellScript = "\"${SRCROOT}/Pods/Target Support Files/Pods-YapTaskQueue/Pods-YapTaskQueue-frameworks.sh\"\n";
			showEnvVarsInLog = 0;
		};
		5EB292E8CCF9CDDE3BCCAB00 /* [CP] Embed Pods Frameworks */ = {
			isa = PBXShellScriptBuildPhase;
			buildActionMask = 2147483647;
			files = (
			);
			inputPaths = (
				"${SRCROOT}/Pods/Target Support Files/Pods-YapTaskQueueTests/Pods-YapTaskQueueTests-frameworks.sh",
				"${BUILT_PRODUCTS_DIR}/CocoaLumberjack/CocoaLumberjack.framework",
				"${BUILT_PRODUCTS_DIR}/YapDatabase/YapDatabase.framework",
			);
			name = "[CP] Embed Pods Frameworks";
			outputPaths = (
				"${TARGET_BUILD_DIR}/${FRAMEWORKS_FOLDER_PATH}/CocoaLumberjack.framework",
				"${TARGET_BUILD_DIR}/${FRAMEWORKS_FOLDER_PATH}/YapDatabase.framework",
			);
			runOnlyForDeploymentPostprocessing = 0;
			shellPath = /bin/sh;
			shellScript = "\"${SRCROOT}/Pods/Target Support Files/Pods-YapTaskQueueTests/Pods-YapTaskQueueTests-frameworks.sh\"\n";
			showEnvVarsInLog = 0;
		};
		773154C3F34BBCFC4964F9E9 /* [CP] Check Pods Manifest.lock */ = {
			isa = PBXShellScriptBuildPhase;
			buildActionMask = 2147483647;
			files = (
			);
			inputPaths = (
				"${PODS_PODFILE_DIR_PATH}/Podfile.lock",
				"${PODS_ROOT}/Manifest.lock",
			);
			name = "[CP] Check Pods Manifest.lock";
			outputPaths = (
				"$(DERIVED_FILE_DIR)/Pods-YapTaskQueue-checkManifestLockResult.txt",
			);
			runOnlyForDeploymentPostprocessing = 0;
			shellPath = /bin/sh;
			shellScript = "diff \"${PODS_PODFILE_DIR_PATH}/Podfile.lock\" \"${PODS_ROOT}/Manifest.lock\" > /dev/null\nif [ $? != 0 ] ; then\n    # print error to STDERR\n    echo \"error: The sandbox is not in sync with the Podfile.lock. Run 'pod install' or update your CocoaPods installation.\" >&2\n    exit 1\nfi\n# This output is used by Xcode 'outputs' to avoid re-running this script phase.\necho \"SUCCESS\" > \"${SCRIPT_OUTPUT_FILE_0}\"\n";
			showEnvVarsInLog = 0;
		};
		98F9E2ADE8F446DB5DFB84AC /* [CP] Check Pods Manifest.lock */ = {
			isa = PBXShellScriptBuildPhase;
			buildActionMask = 2147483647;
			files = (
			);
			inputPaths = (
				"${PODS_PODFILE_DIR_PATH}/Podfile.lock",
				"${PODS_ROOT}/Manifest.lock",
			);
			name = "[CP] Check Pods Manifest.lock";
			outputPaths = (
				"$(DERIVED_FILE_DIR)/Pods-YapTaskQueueTests-checkManifestLockResult.txt",
			);
			runOnlyForDeploymentPostprocessing = 0;
			shellPath = /bin/sh;
			shellScript = "diff \"${PODS_PODFILE_DIR_PATH}/Podfile.lock\" \"${PODS_ROOT}/Manifest.lock\" > /dev/null\nif [ $? != 0 ] ; then\n    # print error to STDERR\n    echo \"error: The sandbox is not in sync with the Podfile.lock. Run 'pod install' or update your CocoaPods installation.\" >&2\n    exit 1\nfi\n# This output is used by Xcode 'outputs' to avoid re-running this script phase.\necho \"SUCCESS\" > \"${SCRIPT_OUTPUT_FILE_0}\"\n";
			showEnvVarsInLog = 0;
		};
		E066B051E61A6989C4C6911E /* [CP] Copy Pods Resources */ = {
			isa = PBXShellScriptBuildPhase;
			buildActionMask = 2147483647;
			files = (
			);
			inputPaths = (
			);
			name = "[CP] Copy Pods Resources";
			outputPaths = (
			);
			runOnlyForDeploymentPostprocessing = 0;
			shellPath = /bin/sh;
			shellScript = "\"${SRCROOT}/Pods/Target Support Files/Pods-YapTaskQueue/Pods-YapTaskQueue-resources.sh\"\n";
			showEnvVarsInLog = 0;
		};
/* End PBXShellScriptBuildPhase section */

/* Begin PBXSourcesBuildPhase section */
		6389FB651CADD98500B5731A /* Sources */ = {
			isa = PBXSourcesBuildPhase;
			buildActionMask = 2147483647;
			files = (
				6389FB6F1CADD98600B5731A /* ViewController.swift in Sources */,
				6331FABC1CB46A7E0087E71B /* YapTaskQueueMasterBroker.swift in Sources */,
				6389FB8E1CADDB2E00B5731A /* YapTaskQueueBroker.swift in Sources */,
				6371B4C31CBEEBD00010D39F /* YapTaskQueueError.swift in Sources */,
				6389FB6D1CADD98600B5731A /* AppDelegate.swift in Sources */,
				6389FB901CADDCEB00B5731A /* YapTaskQueueAction.swift in Sources */,
			);
			runOnlyForDeploymentPostprocessing = 0;
		};
		6389FB791CADD98600B5731A /* Sources */ = {
			isa = PBXSourcesBuildPhase;
			buildActionMask = 2147483647;
			files = (
				6389FB821CADD98600B5731A /* YapTaskQueueTests.swift in Sources */,
			);
			runOnlyForDeploymentPostprocessing = 0;
		};
/* End PBXSourcesBuildPhase section */

/* Begin PBXTargetDependency section */
		6389FB7F1CADD98600B5731A /* PBXTargetDependency */ = {
			isa = PBXTargetDependency;
			target = 6389FB681CADD98500B5731A /* YapTaskQueue */;
			targetProxy = 6389FB7E1CADD98600B5731A /* PBXContainerItemProxy */;
		};
/* End PBXTargetDependency section */

/* Begin PBXVariantGroup section */
		6389FB701CADD98600B5731A /* Main.storyboard */ = {
			isa = PBXVariantGroup;
			children = (
				6389FB711CADD98600B5731A /* Base */,
			);
			name = Main.storyboard;
			sourceTree = "<group>";
		};
		6389FB751CADD98600B5731A /* LaunchScreen.storyboard */ = {
			isa = PBXVariantGroup;
			children = (
				6389FB761CADD98600B5731A /* Base */,
			);
			name = LaunchScreen.storyboard;
			sourceTree = "<group>";
		};
/* End PBXVariantGroup section */

/* Begin XCBuildConfiguration section */
		6389FB841CADD98600B5731A /* Debug */ = {
			isa = XCBuildConfiguration;
			buildSettings = {
				ALWAYS_SEARCH_USER_PATHS = NO;
				CLANG_ANALYZER_NONNULL = YES;
				CLANG_CXX_LANGUAGE_STANDARD = "gnu++0x";
				CLANG_CXX_LIBRARY = "libc++";
				CLANG_ENABLE_MODULES = YES;
				CLANG_ENABLE_OBJC_ARC = YES;
				CLANG_WARN_BLOCK_CAPTURE_AUTORELEASING = YES;
				CLANG_WARN_BOOL_CONVERSION = YES;
				CLANG_WARN_COMMA = YES;
				CLANG_WARN_CONSTANT_CONVERSION = YES;
				CLANG_WARN_DIRECT_OBJC_ISA_USAGE = YES_ERROR;
				CLANG_WARN_EMPTY_BODY = YES;
				CLANG_WARN_ENUM_CONVERSION = YES;
				CLANG_WARN_INFINITE_RECURSION = YES;
				CLANG_WARN_INT_CONVERSION = YES;
				CLANG_WARN_NON_LITERAL_NULL_CONVERSION = YES;
				CLANG_WARN_OBJC_LITERAL_CONVERSION = YES;
				CLANG_WARN_OBJC_ROOT_CLASS = YES_ERROR;
				CLANG_WARN_RANGE_LOOP_ANALYSIS = YES;
				CLANG_WARN_STRICT_PROTOTYPES = YES;
				CLANG_WARN_SUSPICIOUS_MOVE = YES;
				CLANG_WARN_UNREACHABLE_CODE = YES;
				CLANG_WARN__DUPLICATE_METHOD_MATCH = YES;
				"CODE_SIGN_IDENTITY[sdk=iphoneos*]" = "iPhone Developer";
				COPY_PHASE_STRIP = NO;
				DEBUG_INFORMATION_FORMAT = dwarf;
				ENABLE_STRICT_OBJC_MSGSEND = YES;
				ENABLE_TESTABILITY = YES;
				GCC_C_LANGUAGE_STANDARD = gnu99;
				GCC_DYNAMIC_NO_PIC = NO;
				GCC_NO_COMMON_BLOCKS = YES;
				GCC_OPTIMIZATION_LEVEL = 0;
				GCC_PREPROCESSOR_DEFINITIONS = (
					"DEBUG=1",
					"$(inherited)",
				);
				GCC_WARN_64_TO_32_BIT_CONVERSION = YES;
				GCC_WARN_ABOUT_RETURN_TYPE = YES_ERROR;
				GCC_WARN_UNDECLARED_SELECTOR = YES;
				GCC_WARN_UNINITIALIZED_AUTOS = YES_AGGRESSIVE;
				GCC_WARN_UNUSED_FUNCTION = YES;
				GCC_WARN_UNUSED_VARIABLE = YES;
				IPHONEOS_DEPLOYMENT_TARGET = 9.3;
				MTL_ENABLE_DEBUG_INFO = YES;
				ONLY_ACTIVE_ARCH = YES;
				SDKROOT = iphoneos;
				SWIFT_OPTIMIZATION_LEVEL = "-Onone";
				TARGETED_DEVICE_FAMILY = "1,2";
			};
			name = Debug;
		};
		6389FB851CADD98600B5731A /* Release */ = {
			isa = XCBuildConfiguration;
			buildSettings = {
				ALWAYS_SEARCH_USER_PATHS = NO;
				CLANG_ANALYZER_NONNULL = YES;
				CLANG_CXX_LANGUAGE_STANDARD = "gnu++0x";
				CLANG_CXX_LIBRARY = "libc++";
				CLANG_ENABLE_MODULES = YES;
				CLANG_ENABLE_OBJC_ARC = YES;
				CLANG_WARN_BLOCK_CAPTURE_AUTORELEASING = YES;
				CLANG_WARN_BOOL_CONVERSION = YES;
				CLANG_WARN_COMMA = YES;
				CLANG_WARN_CONSTANT_CONVERSION = YES;
				CLANG_WARN_DIRECT_OBJC_ISA_USAGE = YES_ERROR;
				CLANG_WARN_EMPTY_BODY = YES;
				CLANG_WARN_ENUM_CONVERSION = YES;
				CLANG_WARN_INFINITE_RECURSION = YES;
				CLANG_WARN_INT_CONVERSION = YES;
				CLANG_WARN_NON_LITERAL_NULL_CONVERSION = YES;
				CLANG_WARN_OBJC_LITERAL_CONVERSION = YES;
				CLANG_WARN_OBJC_ROOT_CLASS = YES_ERROR;
				CLANG_WARN_RANGE_LOOP_ANALYSIS = YES;
				CLANG_WARN_STRICT_PROTOTYPES = YES;
				CLANG_WARN_SUSPICIOUS_MOVE = YES;
				CLANG_WARN_UNREACHABLE_CODE = YES;
				CLANG_WARN__DUPLICATE_METHOD_MATCH = YES;
				"CODE_SIGN_IDENTITY[sdk=iphoneos*]" = "iPhone Developer";
				COPY_PHASE_STRIP = NO;
				DEBUG_INFORMATION_FORMAT = "dwarf-with-dsym";
				ENABLE_NS_ASSERTIONS = NO;
				ENABLE_STRICT_OBJC_MSGSEND = YES;
				GCC_C_LANGUAGE_STANDARD = gnu99;
				GCC_NO_COMMON_BLOCKS = YES;
				GCC_WARN_64_TO_32_BIT_CONVERSION = YES;
				GCC_WARN_ABOUT_RETURN_TYPE = YES_ERROR;
				GCC_WARN_UNDECLARED_SELECTOR = YES;
				GCC_WARN_UNINITIALIZED_AUTOS = YES_AGGRESSIVE;
				GCC_WARN_UNUSED_FUNCTION = YES;
				GCC_WARN_UNUSED_VARIABLE = YES;
				IPHONEOS_DEPLOYMENT_TARGET = 9.3;
				MTL_ENABLE_DEBUG_INFO = NO;
				SDKROOT = iphoneos;
				SWIFT_OPTIMIZATION_LEVEL = "-Owholemodule";
				TARGETED_DEVICE_FAMILY = "1,2";
				VALIDATE_PRODUCT = YES;
			};
			name = Release;
		};
		6389FB871CADD98600B5731A /* Debug */ = {
			isa = XCBuildConfiguration;
			baseConfigurationReference = 8C015906248B191085D5A173 /* Pods-YapTaskQueue.debug.xcconfig */;
			buildSettings = {
				ASSETCATALOG_COMPILER_APPICON_NAME = AppIcon;
				INFOPLIST_FILE = YapTaskQueue/Info.plist;
				IPHONEOS_DEPLOYMENT_TARGET = 8.0;
				LD_RUNPATH_SEARCH_PATHS = "$(inherited) @executable_path/Frameworks";
				PRODUCT_BUNDLE_IDENTIFIER = com.davidchiles.YapTaskQueue;
				PRODUCT_NAME = "$(TARGET_NAME)";
				SWIFT_VERSION = 4.0;
			};
			name = Debug;
		};
		6389FB881CADD98600B5731A /* Release */ = {
			isa = XCBuildConfiguration;
			baseConfigurationReference = 1A3B06D9388263559C8675E3 /* Pods-YapTaskQueue.release.xcconfig */;
			buildSettings = {
				ASSETCATALOG_COMPILER_APPICON_NAME = AppIcon;
				INFOPLIST_FILE = YapTaskQueue/Info.plist;
				IPHONEOS_DEPLOYMENT_TARGET = 8.0;
				LD_RUNPATH_SEARCH_PATHS = "$(inherited) @executable_path/Frameworks";
				PRODUCT_BUNDLE_IDENTIFIER = com.davidchiles.YapTaskQueue;
				PRODUCT_NAME = "$(TARGET_NAME)";
				SWIFT_VERSION = 4.0;
			};
			name = Release;
		};
		6389FB8A1CADD98600B5731A /* Debug */ = {
			isa = XCBuildConfiguration;
			baseConfigurationReference = 8796C1232C4F9D37232C6AD3 /* Pods-YapTaskQueueTests.debug.xcconfig */;
			buildSettings = {
				BUNDLE_LOADER = "$(TEST_HOST)";
				INFOPLIST_FILE = YapTaskQueueTests/Info.plist;
				LD_RUNPATH_SEARCH_PATHS = "$(inherited) @executable_path/Frameworks @loader_path/Frameworks";
				PRODUCT_BUNDLE_IDENTIFIER = com.davidchiles.YapTaskQueueTests;
				PRODUCT_NAME = "$(TARGET_NAME)";
				SWIFT_VERSION = 4.0;
				TEST_HOST = "$(BUILT_PRODUCTS_DIR)/YapTaskQueue.app/YapTaskQueue";
			};
			name = Debug;
		};
		6389FB8B1CADD98600B5731A /* Release */ = {
			isa = XCBuildConfiguration;
			baseConfigurationReference = 066859DF58742786015B94B8 /* Pods-YapTaskQueueTests.release.xcconfig */;
			buildSettings = {
				BUNDLE_LOADER = "$(TEST_HOST)";
				INFOPLIST_FILE = YapTaskQueueTests/Info.plist;
				LD_RUNPATH_SEARCH_PATHS = "$(inherited) @executable_path/Frameworks @loader_path/Frameworks";
				PRODUCT_BUNDLE_IDENTIFIER = com.davidchiles.YapTaskQueueTests;
				PRODUCT_NAME = "$(TARGET_NAME)";
				SWIFT_VERSION = 4.0;
				TEST_HOST = "$(BUILT_PRODUCTS_DIR)/YapTaskQueue.app/YapTaskQueue";
			};
			name = Release;
		};
/* End XCBuildConfiguration section */

/* Begin XCConfigurationList section */
		6389FB641CADD98500B5731A /* Build configuration list for PBXProject "YapTaskQueue" */ = {
			isa = XCConfigurationList;
			buildConfigurations = (
				6389FB841CADD98600B5731A /* Debug */,
				6389FB851CADD98600B5731A /* Release */,
			);
			defaultConfigurationIsVisible = 0;
			defaultConfigurationName = Release;
		};
		6389FB861CADD98600B5731A /* Build configuration list for PBXNativeTarget "YapTaskQueue" */ = {
			isa = XCConfigurationList;
			buildConfigurations = (
				6389FB871CADD98600B5731A /* Debug */,
				6389FB881CADD98600B5731A /* Release */,
			);
			defaultConfigurationIsVisible = 0;
			defaultConfigurationName = Release;
		};
		6389FB891CADD98600B5731A /* Build configuration list for PBXNativeTarget "YapTaskQueueTests" */ = {
			isa = XCConfigurationList;
			buildConfigurations = (
				6389FB8A1CADD98600B5731A /* Debug */,
				6389FB8B1CADD98600B5731A /* Release */,
			);
			defaultConfigurationIsVisible = 0;
			defaultConfigurationName = Release;
		};
/* End XCConfigurationList section */
	};
	rootObject = 6389FB611CADD98500B5731A /* Project object */;
}
